
Microsoft Visual Studio Solution File, Format Version 12.00
# Visual Studio 15
VisualStudioVersion = 15.0.27130.2003
MinimumVisualStudioVersion = 10.0.40219.1
Project("{FAE04EC0-301F-11D3-BF4B-00C04F79EFBC}") = "WebContentChangeNotify", "WebContentChangeNotify\WebContentChangeNotify.csproj", "{989EDBEA-2A71-4EE6-AF38-EF637D86D4A7}"
EndProject
Project("{FAE04EC0-301F-11D3-BF4B-00C04F79EFBC}") = "WebContentChangeCheckerUtil", "WebContentChangeCheckerUtil\WebContentChangeCheckerUtil.csproj", "{C72BA04B-B344-4BBB-961F-F6E14B50B2EF}"
EndProject
Project("{FAE04EC0-301F-11D3-BF4B-00C04F79EFBC}") = "TileRefresh", "TileRefresh\TileRefresh.csproj", "{AD4ECB12-EEF2-46AB-A437-855A095DDD27}"
EndProject
Global
	GlobalSection(SolutionConfigurationPlatforms) = preSolution
		Debug|Any CPU = Debug|Any CPU
		Debug|ARM = Debug|ARM
		Debug|x64 = Debug|x64
		Debug|x86 = Debug|x86
		Release|Any CPU = Release|Any CPU
		Release|ARM = Release|ARM
		Release|x64 = Release|x64
		Release|x86 = Release|x86
	EndGlobalSection
	GlobalSection(ProjectConfigurationPlatforms) = postSolution
		{989EDBEA-2A71-4EE6-AF38-EF637D86D4A7}.Debug|Any CPU.ActiveCfg = Debug|x86
		{989EDBEA-2A71-4EE6-AF38-EF637D86D4A7}.Debug|ARM.ActiveCfg = Debug|ARM
		{989EDBEA-2A71-4EE6-AF38-EF637D86D4A7}.Debug|ARM.Build.0 = Debug|ARM
		{989EDBEA-2A71-4EE6-AF38-EF637D86D4A7}.Debug|ARM.Deploy.0 = Debug|ARM
		{989EDBEA-2A71-4EE6-AF38-EF637D86D4A7}.Debug|x64.ActiveCfg = Debug|x64
		{989EDBEA-2A71-4EE6-AF38-EF637D86D4A7}.Debug|x64.Build.0 = Debug|x64
		{989EDBEA-2A71-4EE6-AF38-EF637D86D4A7}.Debug|x64.Deploy.0 = Debug|x64
		{989EDBEA-2A71-4EE6-AF38-EF637D86D4A7}.Debug|x86.ActiveCfg = Debug|x86
		{989EDBEA-2A71-4EE6-AF38-EF637D86D4A7}.Debug|x86.Build.0 = Debug|x86
		{989EDBEA-2A71-4EE6-AF38-EF637D86D4A7}.Debug|x86.Deploy.0 = Debug|x86
		{989EDBEA-2A71-4EE6-AF38-EF637D86D4A7}.Release|Any CPU.ActiveCfg = Release|x86
		{989EDBEA-2A71-4EE6-AF38-EF637D86D4A7}.Release|ARM.ActiveCfg = Release|ARM
		{989EDBEA-2A71-4EE6-AF38-EF637D86D4A7}.Release|ARM.Build.0 = Release|ARM
		{989EDBEA-2A71-4EE6-AF38-EF637D86D4A7}.Release|ARM.Deploy.0 = Release|ARM
		{989EDBEA-2A71-4EE6-AF38-EF637D86D4A7}.Release|x64.ActiveCfg = Release|x64
		{989EDBEA-2A71-4EE6-AF38-EF637D86D4A7}.Release|x64.Build.0 = Release|x64
		{989EDBEA-2A71-4EE6-AF38-EF637D86D4A7}.Release|x64.Deploy.0 = Release|x64
		{989EDBEA-2A71-4EE6-AF38-EF637D86D4A7}.Release|x86.ActiveCfg = Release|x86
		{989EDBEA-2A71-4EE6-AF38-EF637D86D4A7}.Release|x86.Build.0 = Release|x86
		{989EDBEA-2A71-4EE6-AF38-EF637D86D4A7}.Release|x86.Deploy.0 = Release|x86
		{C72BA04B-B344-4BBB-961F-F6E14B50B2EF}.Debug|Any CPU.ActiveCfg = Debug|Any CPU
		{C72BA04B-B344-4BBB-961F-F6E14B50B2EF}.Debug|Any CPU.Build.0 = Debug|Any CPU
		{C72BA04B-B344-4BBB-961F-F6E14B50B2EF}.Debug|ARM.ActiveCfg = Debug|ARM
		{C72BA04B-B344-4BBB-961F-F6E14B50B2EF}.Debug|ARM.Build.0 = Debug|ARM
		{C72BA04B-B344-4BBB-961F-F6E14B50B2EF}.Debug|x64.ActiveCfg = Debug|x64
		{C72BA04B-B344-4BBB-961F-F6E14B50B2EF}.Debug|x64.Build.0 = Debug|x64
		{C72BA04B-B344-4BBB-961F-F6E14B50B2EF}.Debug|x86.ActiveCfg = Debug|x86
		{C72BA04B-B344-4BBB-961F-F6E14B50B2EF}.Debug|x86.Build.0 = Debug|x86
		{C72BA04B-B344-4BBB-961F-F6E14B50B2EF}.Release|Any CPU.ActiveCfg = Release|Any CPU
		{C72BA04B-B344-4BBB-961F-F6E14B50B2EF}.Release|Any CPU.Build.0 = Release|Any CPU
		{C72BA04B-B344-4BBB-961F-F6E14B50B2EF}.Release|ARM.ActiveCfg = Release|ARM
		{C72BA04B-B344-4BBB-961F-F6E14B50B2EF}.Release|ARM.Build.0 = Release|ARM
		{C72BA04B-B344-4BBB-961F-F6E14B50B2EF}.Release|x64.ActiveCfg = Release|x64
		{C72BA04B-B344-4BBB-961F-F6E14B50B2EF}.Release|x64.Build.0 = Release|x64
		{C72BA04B-B344-4BBB-961F-F6E14B50B2EF}.Release|x86.ActiveCfg = Release|x86
		{C72BA04B-B344-4BBB-961F-F6E14B50B2EF}.Release|x86.Build.0 = Release|x86
		{AD4ECB12-EEF2-46AB-A437-855A095DDD27}.Debug|Any CPU.ActiveCfg = Debug|Any CPU
		{AD4ECB12-EEF2-46AB-A437-855A095DDD27}.Debug|Any CPU.Build.0 = Debug|Any CPU
		{AD4ECB12-EEF2-46AB-A437-855A095DDD27}.Debug|ARM.ActiveCfg = Debug|ARM
		{AD4ECB12-EEF2-46AB-A437-855A095DDD27}.Debug|ARM.Build.0 = Debug|ARM
		{AD4ECB12-EEF2-46AB-A437-855A095DDD27}.Debug|x64.ActiveCfg = Debug|x64
		{AD4ECB12-EEF2-46AB-A437-855A095DDD27}.Debug|x64.Build.0 = Debug|x64
		{AD4ECB12-EEF2-46AB-A437-855A095DDD27}.Debug|x86.ActiveCfg = Debug|x86
		{AD4ECB12-EEF2-46AB-A437-855A095DDD27}.Debug|x86.Build.0 = Debug|x86
		{AD4ECB12-EEF2-46AB-A437-855A095DDD27}.Release|Any CPU.ActiveCfg = Release|Any CPU
		{AD4ECB12-EEF2-46AB-A437-855A095DDD27}.Release|Any CPU.Build.0 = Release|Any CPU
		{AD4ECB12-EEF2-46AB-A437-855A095DDD27}.Release|ARM.ActiveCfg = Release|ARM
		{AD4ECB12-EEF2-46AB-A437-855A095DDD27}.Release|ARM.Build.0 = Release|ARM
		{AD4ECB12-EEF2-46AB-A437-855A095DDD27}.Release|x64.ActiveCfg = Release|x64
		{AD4ECB12-EEF2-46AB-A437-855A095DDD27}.Release|x64.Build.0 = Release|x64
		{AD4ECB12-EEF2-46AB-A437-855A095DDD27}.Release|x86.ActiveCfg = Release|x86
		{AD4ECB12-EEF2-46AB-A437-855A095DDD27}.Release|x86.Build.0 = Release|x86
	EndGlobalSection
	GlobalSection(SolutionProperties) = preSolution
		HideSolutionNode = FALSE
	EndGlobalSection
	GlobalSection(ExtensibilityGlobals) = postSolution
		SolutionGuid = {743A1181-0B77-4ACB-A865-60F0EDE4605A}
	EndGlobalSection
EndGlobal
